// !$*UTF8*$!
{
	archiveVersion = 1;
	classes = {
	};
	objectVersion = 56;
	objects = {

/* Begin PBXBuildFile section */
		8C109A112959F39900471807 /* Title.swift in Sources */ = {isa = PBXBuildFile; fileRef = 8C109A102959F39900471807 /* Title.swift */; };
		8C109A132959F70D00471807 /* TitleCollectionViewCell.swift in Sources */ = {isa = PBXBuildFile; fileRef = 8C109A122959F70D00471807 /* TitleCollectionViewCell.swift */; };
		8C109A162959FA1300471807 /* SDWebImage in Frameworks */ = {isa = PBXBuildFile; productRef = 8C109A152959FA1300471807 /* SDWebImage */; };
		8C109A182959FA1300471807 /* SDWebImageMapKit in Frameworks */ = {isa = PBXBuildFile; productRef = 8C109A172959FA1300471807 /* SDWebImageMapKit */; };
		8C3BFFFA294706C9001C32F6 /* APICaller.swift in Sources */ = {isa = PBXBuildFile; fileRef = 8C3BFFF9294706C9001C32F6 /* APICaller.swift */; };
		8CA452BC2940822D0029FA2A /* HeroHeaderView.swift in Sources */ = {isa = PBXBuildFile; fileRef = 8CA452BB2940822D0029FA2A /* HeroHeaderView.swift */; };
		8CAD470E293E179D00D50396 /* AppDelegate.swift in Sources */ = {isa = PBXBuildFile; fileRef = 8CAD470D293E179D00D50396 /* AppDelegate.swift */; };
		8CAD4710293E179D00D50396 /* SceneDelegate.swift in Sources */ = {isa = PBXBuildFile; fileRef = 8CAD470F293E179D00D50396 /* SceneDelegate.swift */; };
		8CAD4712293E179D00D50396 /* ViewController.swift in Sources */ = {isa = PBXBuildFile; fileRef = 8CAD4711293E179D00D50396 /* ViewController.swift */; };
		8CAD4715293E179D00D50396 /* Main.storyboard in Resources */ = {isa = PBXBuildFile; fileRef = 8CAD4713293E179D00D50396 /* Main.storyboard */; };
		8CAD4718293E179D00D50396 /* Netflix.xcdatamodeld in Sources */ = {isa = PBXBuildFile; fileRef = 8CAD4716293E179D00D50396 /* Netflix.xcdatamodeld */; };
		8CAD471A293E179F00D50396 /* Assets.xcassets in Resources */ = {isa = PBXBuildFile; fileRef = 8CAD4719293E179F00D50396 /* Assets.xcassets */; };
		8CAD471D293E179F00D50396 /* LaunchScreen.storyboard in Resources */ = {isa = PBXBuildFile; fileRef = 8CAD471B293E179F00D50396 /* LaunchScreen.storyboard */; };
		8CAD4728293E179F00D50396 /* NetflixTests.swift in Sources */ = {isa = PBXBuildFile; fileRef = 8CAD4727293E179F00D50396 /* NetflixTests.swift */; };
		8CAD4732293E179F00D50396 /* NetflixUITests.swift in Sources */ = {isa = PBXBuildFile; fileRef = 8CAD4731293E179F00D50396 /* NetflixUITests.swift */; };
		8CAD4734293E179F00D50396 /* NetflixUITestsLaunchTests.swift in Sources */ = {isa = PBXBuildFile; fileRef = 8CAD4733293E179F00D50396 /* NetflixUITestsLaunchTests.swift */; };
		8CAD4745293E182700D50396 /* HomeViewController.swift in Sources */ = {isa = PBXBuildFile; fileRef = 8CAD4744293E182700D50396 /* HomeViewController.swift */; };
		8CAD4747293E19E400D50396 /* DownloadsViewController.swift in Sources */ = {isa = PBXBuildFile; fileRef = 8CAD4746293E19E400D50396 /* DownloadsViewController.swift */; };
		8CAD4749293E19F300D50396 /* SearchViewController.swift in Sources */ = {isa = PBXBuildFile; fileRef = 8CAD4748293E19F300D50396 /* SearchViewController.swift */; };
		8CAD474B293E1A0A00D50396 /* UpcomingViewController.swift in Sources */ = {isa = PBXBuildFile; fileRef = 8CAD474A293E1A0A00D50396 /* UpcomingViewController.swift */; };
		8CAD474D293E1A7C00D50396 /* MainTabBarViewController.swift in Sources */ = {isa = PBXBuildFile; fileRef = 8CAD474C293E1A7C00D50396 /* MainTabBarViewController.swift */; };
		8CAD474F293E1A9F00D50396 /* MainTabbar.storyboard in Resources */ = {isa = PBXBuildFile; fileRef = 8CAD474E293E1A9F00D50396 /* MainTabbar.storyboard */; };
		8CAD4751293E38DB00D50396 /* CollectionViewTableViewCell.swift in Sources */ = {isa = PBXBuildFile; fileRef = 8CAD4750293E38DB00D50396 /* CollectionViewTableViewCell.swift */; };
		8CD95E8E295C1A7F006C6D22 /* SearchResultsViewController.swift in Sources */ = {isa = PBXBuildFile; fileRef = 8CD95E8D295C1A7F006C6D22 /* SearchResultsViewController.swift */; };
		8CD95E90295D9A7A006C6D22 /* YoutubeResponse.swift in Sources */ = {isa = PBXBuildFile; fileRef = 8CD95E8F295D9A7A006C6D22 /* YoutubeResponse.swift */; };
		8CD95E92295DA3DF006C6D22 /* AboutMovieViewController.swift in Sources */ = {isa = PBXBuildFile; fileRef = 8CD95E91295DA3DF006C6D22 /* AboutMovieViewController.swift */; };
		8CD95E94295DAD81006C6D22 /* YoutubePreviewViewModel.swift in Sources */ = {isa = PBXBuildFile; fileRef = 8CD95E93295DAD81006C6D22 /* YoutubePreviewViewModel.swift */; };
		8CDFE030295B5E9A0024D6FF /* TitleTableViewCell.swift in Sources */ = {isa = PBXBuildFile; fileRef = 8CDFE02F295B5E9A0024D6FF /* TitleTableViewCell.swift */; };
		8CDFE032295B633B0024D6FF /* TitleViewModel.swift in Sources */ = {isa = PBXBuildFile; fileRef = 8CDFE031295B633B0024D6FF /* TitleViewModel.swift */; };
		8CEB1865295ED96F00F14ED6 /* HeroHeaderViewModel.swift in Sources */ = {isa = PBXBuildFile; fileRef = 8CEB1864295ED96F00F14ED6 /* HeroHeaderViewModel.swift */; };
		8CEB1867295F042500F14ED6 /* API_Key.swift in Sources */ = {isa = PBXBuildFile; fileRef = 8CEB1866295F042500F14ED6 /* API_Key.swift */; };
/* End PBXBuildFile section */

/* Begin PBXContainerItemProxy section */
		8CAD4724293E179F00D50396 /* PBXContainerItemProxy */ = {
			isa = PBXContainerItemProxy;
			containerPortal = 8CAD4702293E179D00D50396 /* Project object */;
			proxyType = 1;
			remoteGlobalIDString = 8CAD4709293E179D00D50396;
			remoteInfo = Netflix;
		};
		8CAD472E293E179F00D50396 /* PBXContainerItemProxy */ = {
			isa = PBXContainerItemProxy;
			containerPortal = 8CAD4702293E179D00D50396 /* Project object */;
			proxyType = 1;
			remoteGlobalIDString = 8CAD4709293E179D00D50396;
			remoteInfo = Netflix;
		};
/* End PBXContainerItemProxy section */

/* Begin PBXFileReference section */
		8C109A102959F39900471807 /* Title.swift */ = {isa = PBXFileReference; lastKnownFileType = sourcecode.swift; path = Title.swift; sourceTree = "<group>"; };
		8C109A122959F70D00471807 /* TitleCollectionViewCell.swift */ = {isa = PBXFileReference; lastKnownFileType = sourcecode.swift; path = TitleCollectionViewCell.swift; sourceTree = "<group>"; };
		8C3BFFF9294706C9001C32F6 /* APICaller.swift */ = {isa = PBXFileReference; lastKnownFileType = sourcecode.swift; path = APICaller.swift; sourceTree = "<group>"; };
		8CA452BB2940822D0029FA2A /* HeroHeaderView.swift */ = {isa = PBXFileReference; lastKnownFileType = sourcecode.swift; path = HeroHeaderView.swift; sourceTree = "<group>"; };
		8CAD470A293E179D00D50396 /* Netflix.app */ = {isa = PBXFileReference; explicitFileType = wrapper.application; includeInIndex = 0; path = Netflix.app; sourceTree = BUILT_PRODUCTS_DIR; };
		8CAD470D293E179D00D50396 /* AppDelegate.swift */ = {isa = PBXFileReference; lastKnownFileType = sourcecode.swift; path = AppDelegate.swift; sourceTree = "<group>"; };
		8CAD470F293E179D00D50396 /* SceneDelegate.swift */ = {isa = PBXFileReference; lastKnownFileType = sourcecode.swift; path = SceneDelegate.swift; sourceTree = "<group>"; };
		8CAD4711293E179D00D50396 /* ViewController.swift */ = {isa = PBXFileReference; lastKnownFileType = sourcecode.swift; path = ViewController.swift; sourceTree = "<group>"; };
		8CAD4714293E179D00D50396 /* Base */ = {isa = PBXFileReference; lastKnownFileType = file.storyboard; name = Base; path = Base.lproj/Main.storyboard; sourceTree = "<group>"; };
		8CAD4717293E179D00D50396 /* Netflix.xcdatamodel */ = {isa = PBXFileReference; lastKnownFileType = wrapper.xcdatamodel; path = Netflix.xcdatamodel; sourceTree = "<group>"; };
		8CAD4719293E179F00D50396 /* Assets.xcassets */ = {isa = PBXFileReference; lastKnownFileType = folder.assetcatalog; path = Assets.xcassets; sourceTree = "<group>"; };
		8CAD471C293E179F00D50396 /* Base */ = {isa = PBXFileReference; lastKnownFileType = file.storyboard; name = Base; path = Base.lproj/LaunchScreen.storyboard; sourceTree = "<group>"; };
		8CAD471E293E179F00D50396 /* Info.plist */ = {isa = PBXFileReference; lastKnownFileType = text.plist.xml; path = Info.plist; sourceTree = "<group>"; };
		8CAD4723293E179F00D50396 /* NetflixTests.xctest */ = {isa = PBXFileReference; explicitFileType = wrapper.cfbundle; includeInIndex = 0; path = NetflixTests.xctest; sourceTree = BUILT_PRODUCTS_DIR; };
		8CAD4727293E179F00D50396 /* NetflixTests.swift */ = {isa = PBXFileReference; lastKnownFileType = sourcecode.swift; path = NetflixTests.swift; sourceTree = "<group>"; };
		8CAD472D293E179F00D50396 /* NetflixUITests.xctest */ = {isa = PBXFileReference; explicitFileType = wrapper.cfbundle; includeInIndex = 0; path = NetflixUITests.xctest; sourceTree = BUILT_PRODUCTS_DIR; };
		8CAD4731293E179F00D50396 /* NetflixUITests.swift */ = {isa = PBXFileReference; lastKnownFileType = sourcecode.swift; path = NetflixUITests.swift; sourceTree = "<group>"; };
		8CAD4733293E179F00D50396 /* NetflixUITestsLaunchTests.swift */ = {isa = PBXFileReference; lastKnownFileType = sourcecode.swift; path = NetflixUITestsLaunchTests.swift; sourceTree = "<group>"; };
		8CAD4744293E182700D50396 /* HomeViewController.swift */ = {isa = PBXFileReference; lastKnownFileType = sourcecode.swift; path = HomeViewController.swift; sourceTree = "<group>"; };
		8CAD4746293E19E400D50396 /* DownloadsViewController.swift */ = {isa = PBXFileReference; lastKnownFileType = sourcecode.swift; path = DownloadsViewController.swift; sourceTree = "<group>"; };
		8CAD4748293E19F300D50396 /* SearchViewController.swift */ = {isa = PBXFileReference; lastKnownFileType = sourcecode.swift; path = SearchViewController.swift; sourceTree = "<group>"; };
		8CAD474A293E1A0A00D50396 /* UpcomingViewController.swift */ = {isa = PBXFileReference; lastKnownFileType = sourcecode.swift; path = UpcomingViewController.swift; sourceTree = "<group>"; };
		8CAD474C293E1A7C00D50396 /* MainTabBarViewController.swift */ = {isa = PBXFileReference; lastKnownFileType = sourcecode.swift; path = MainTabBarViewController.swift; sourceTree = "<group>"; };
		8CAD474E293E1A9F00D50396 /* MainTabbar.storyboard */ = {isa = PBXFileReference; lastKnownFileType = file.storyboard; path = MainTabbar.storyboard; sourceTree = "<group>"; };
		8CAD4750293E38DB00D50396 /* CollectionViewTableViewCell.swift */ = {isa = PBXFileReference; lastKnownFileType = sourcecode.swift; path = CollectionViewTableViewCell.swift; sourceTree = "<group>"; };
		8CD95E8D295C1A7F006C6D22 /* SearchResultsViewController.swift */ = {isa = PBXFileReference; lastKnownFileType = sourcecode.swift; path = SearchResultsViewController.swift; sourceTree = "<group>"; };
		8CD95E8F295D9A7A006C6D22 /* YoutubeResponse.swift */ = {isa = PBXFileReference; lastKnownFileType = sourcecode.swift; path = YoutubeResponse.swift; sourceTree = "<group>"; };
		8CD95E91295DA3DF006C6D22 /* AboutMovieViewController.swift */ = {isa = PBXFileReference; lastKnownFileType = sourcecode.swift; path = AboutMovieViewController.swift; sourceTree = "<group>"; };
		8CD95E93295DAD81006C6D22 /* YoutubePreviewViewModel.swift */ = {isa = PBXFileReference; lastKnownFileType = sourcecode.swift; path = YoutubePreviewViewModel.swift; sourceTree = "<group>"; };
		8CDFE02F295B5E9A0024D6FF /* TitleTableViewCell.swift */ = {isa = PBXFileReference; lastKnownFileType = sourcecode.swift; path = TitleTableViewCell.swift; sourceTree = "<group>"; };
		8CDFE031295B633B0024D6FF /* TitleViewModel.swift */ = {isa = PBXFileReference; lastKnownFileType = sourcecode.swift; path = TitleViewModel.swift; sourceTree = "<group>"; };
		8CEB1864295ED96F00F14ED6 /* HeroHeaderViewModel.swift */ = {isa = PBXFileReference; lastKnownFileType = sourcecode.swift; path = HeroHeaderViewModel.swift; sourceTree = "<group>"; };
		8CEB1866295F042500F14ED6 /* API_Key.swift */ = {isa = PBXFileReference; lastKnownFileType = sourcecode.swift; path = API_Key.swift; sourceTree = "<group>"; };
/* End PBXFileReference section */

/* Begin PBXFrameworksBuildPhase section */
		8CAD4707293E179D00D50396 /* Frameworks */ = {
			isa = PBXFrameworksBuildPhase;
			buildActionMask = 2147483647;
			files = (
				8C109A182959FA1300471807 /* SDWebImageMapKit in Frameworks */,
				8C109A162959FA1300471807 /* SDWebImage in Frameworks */,
			);
			runOnlyForDeploymentPostprocessing = 0;
		};
		8CAD4720293E179F00D50396 /* Frameworks */ = {
			isa = PBXFrameworksBuildPhase;
			buildActionMask = 2147483647;
			files = (
			);
			runOnlyForDeploymentPostprocessing = 0;
		};
		8CAD472A293E179F00D50396 /* Frameworks */ = {
			isa = PBXFrameworksBuildPhase;
			buildActionMask = 2147483647;
			files = (
			);
			runOnlyForDeploymentPostprocessing = 0;
		};
/* End PBXFrameworksBuildPhase section */

/* Begin PBXGroup section */
		8C3BFFF7294706AE001C32F6 /* Resorces */ = {
			isa = PBXGroup;
			children = (
			);
			path = Resorces;
			sourceTree = "<group>";
		};
		8C3BFFF8294706B8001C32F6 /* Manager */ = {
			isa = PBXGroup;
			children = (
				8C3BFFF9294706C9001C32F6 /* APICaller.swift */,
			);
			path = Manager;
			sourceTree = "<group>";
		};
		8CAD4701293E179D00D50396 = {
			isa = PBXGroup;
			children = (
				8CAD470C293E179D00D50396 /* Netflix */,
				8CAD4726293E179F00D50396 /* NetflixTests */,
				8CAD4730293E179F00D50396 /* NetflixUITests */,
				8CAD470B293E179D00D50396 /* Products */,
			);
			sourceTree = "<group>";
		};
		8CAD470B293E179D00D50396 /* Products */ = {
			isa = PBXGroup;
			children = (
				8CAD470A293E179D00D50396 /* Netflix.app */,
				8CAD4723293E179F00D50396 /* NetflixTests.xctest */,
				8CAD472D293E179F00D50396 /* NetflixUITests.xctest */,
			);
			name = Products;
			sourceTree = "<group>";
		};
		8CAD470C293E179D00D50396 /* Netflix */ = {
			isa = PBXGroup;
			children = (
				8C3BFFF8294706B8001C32F6 /* Manager */,
				8C3BFFF7294706AE001C32F6 /* Resorces */,
				8CAD4743293E17C300D50396 /* Model */,
				8CAD4742293E17BD00D50396 /* ViewModel */,
				8CAD4741293E17B800D50396 /* Views */,
				8CAD4740293E17B000D50396 /* Controller */,
				8CAD470D293E179D00D50396 /* AppDelegate.swift */,
				8CAD470F293E179D00D50396 /* SceneDelegate.swift */,
				8CAD4711293E179D00D50396 /* ViewController.swift */,
				8CAD4713293E179D00D50396 /* Main.storyboard */,
				8CAD4719293E179F00D50396 /* Assets.xcassets */,
				8CAD471B293E179F00D50396 /* LaunchScreen.storyboard */,
				8CAD471E293E179F00D50396 /* Info.plist */,
				8CAD4716293E179D00D50396 /* Netflix.xcdatamodeld */,
				8CEB1866295F042500F14ED6 /* API_Key.swift */,
			);
			path = Netflix;
			sourceTree = "<group>";
		};
		8CAD4726293E179F00D50396 /* NetflixTests */ = {
			isa = PBXGroup;
			children = (
				8CAD4727293E179F00D50396 /* NetflixTests.swift */,
			);
			path = NetflixTests;
			sourceTree = "<group>";
		};
		8CAD4730293E179F00D50396 /* NetflixUITests */ = {
			isa = PBXGroup;
			children = (
				8CAD4731293E179F00D50396 /* NetflixUITests.swift */,
				8CAD4733293E179F00D50396 /* NetflixUITestsLaunchTests.swift */,
			);
			path = NetflixUITests;
			sourceTree = "<group>";
		};
		8CAD4740293E17B000D50396 /* Controller */ = {
			isa = PBXGroup;
			children = (
				8CD95E8C295C19A9006C6D22 /* General */,
				8CAD4744293E182700D50396 /* HomeViewController.swift */,
				8CAD4746293E19E400D50396 /* DownloadsViewController.swift */,
				8CAD4748293E19F300D50396 /* SearchViewController.swift */,
				8CAD474A293E1A0A00D50396 /* UpcomingViewController.swift */,
				8CAD474C293E1A7C00D50396 /* MainTabBarViewController.swift */,
			);
			path = Controller;
			sourceTree = "<group>";
		};
		8CAD4741293E17B800D50396 /* Views */ = {
			isa = PBXGroup;
			children = (
				8CAD474E293E1A9F00D50396 /* MainTabbar.storyboard */,
				8CAD4750293E38DB00D50396 /* CollectionViewTableViewCell.swift */,
				8CA452BB2940822D0029FA2A /* HeroHeaderView.swift */,
				8C109A122959F70D00471807 /* TitleCollectionViewCell.swift */,
				8CDFE02F295B5E9A0024D6FF /* TitleTableViewCell.swift */,
			);
			path = Views;
			sourceTree = "<group>";
		};
		8CAD4742293E17BD00D50396 /* ViewModel */ = {
			isa = PBXGroup;
			children = (
				8CDFE031295B633B0024D6FF /* TitleViewModel.swift */,
				8CD95E93295DAD81006C6D22 /* YoutubePreviewViewModel.swift */,
				8CEB1864295ED96F00F14ED6 /* HeroHeaderViewModel.swift */,
			);
			path = ViewModel;
			sourceTree = "<group>";
		};
		8CAD4743293E17C300D50396 /* Model */ = {
			isa = PBXGroup;
			children = (
				8CD95E8F295D9A7A006C6D22 /* YoutubeResponse.swift */,
				8C109A102959F39900471807 /* Title.swift */,
			);
			path = Model;
			sourceTree = "<group>";
		};
		8CD95E8C295C19A9006C6D22 /* General */ = {
			isa = PBXGroup;
			children = (
				8CD95E8D295C1A7F006C6D22 /* SearchResultsViewController.swift */,
				8CD95E91295DA3DF006C6D22 /* AboutMovieViewController.swift */,
			);
			path = General;
			sourceTree = "<group>";
		};
/* End PBXGroup section */

/* Begin PBXNativeTarget section */
		8CAD4709293E179D00D50396 /* Netflix */ = {
			isa = PBXNativeTarget;
			buildConfigurationList = 8CAD4737293E179F00D50396 /* Build configuration list for PBXNativeTarget "Netflix" */;
			buildPhases = (
				8CAD4706293E179D00D50396 /* Sources */,
				8CAD4707293E179D00D50396 /* Frameworks */,
				8CAD4708293E179D00D50396 /* Resources */,
			);
			buildRules = (
			);
			dependencies = (
			);
			name = Netflix;
			packageProductDependencies = (
				8C109A152959FA1300471807 /* SDWebImage */,
				8C109A172959FA1300471807 /* SDWebImageMapKit */,
			);
			productName = Netflix;
			productReference = 8CAD470A293E179D00D50396 /* Netflix.app */;
			productType = "com.apple.product-type.application";
		};
		8CAD4722293E179F00D50396 /* NetflixTests */ = {
			isa = PBXNativeTarget;
			buildConfigurationList = 8CAD473A293E179F00D50396 /* Build configuration list for PBXNativeTarget "NetflixTests" */;
			buildPhases = (
				8CAD471F293E179F00D50396 /* Sources */,
				8CAD4720293E179F00D50396 /* Frameworks */,
				8CAD4721293E179F00D50396 /* Resources */,
			);
			buildRules = (
			);
			dependencies = (
				8CAD4725293E179F00D50396 /* PBXTargetDependency */,
			);
			name = NetflixTests;
			productName = NetflixTests;
			productReference = 8CAD4723293E179F00D50396 /* NetflixTests.xctest */;
			productType = "com.apple.product-type.bundle.unit-test";
		};
		8CAD472C293E179F00D50396 /* NetflixUITests */ = {
			isa = PBXNativeTarget;
			buildConfigurationList = 8CAD473D293E179F00D50396 /* Build configuration list for PBXNativeTarget "NetflixUITests" */;
			buildPhases = (
				8CAD4729293E179F00D50396 /* Sources */,
				8CAD472A293E179F00D50396 /* Frameworks */,
				8CAD472B293E179F00D50396 /* Resources */,
			);
			buildRules = (
			);
			dependencies = (
				8CAD472F293E179F00D50396 /* PBXTargetDependency */,
			);
			name = NetflixUITests;
			productName = NetflixUITests;
			productReference = 8CAD472D293E179F00D50396 /* NetflixUITests.xctest */;
			productType = "com.apple.product-type.bundle.ui-testing";
		};
/* End PBXNativeTarget section */

/* Begin PBXProject section */
		8CAD4702293E179D00D50396 /* Project object */ = {
			isa = PBXProject;
			attributes = {
				BuildIndependentTargetsInParallel = 1;
				LastSwiftUpdateCheck = 1410;
				LastUpgradeCheck = 1410;
				TargetAttributes = {
					8CAD4709293E179D00D50396 = {
						CreatedOnToolsVersion = 14.1;
					};
					8CAD4722293E179F00D50396 = {
						CreatedOnToolsVersion = 14.1;
						TestTargetID = 8CAD4709293E179D00D50396;
					};
					8CAD472C293E179F00D50396 = {
						CreatedOnToolsVersion = 14.1;
						TestTargetID = 8CAD4709293E179D00D50396;
					};
				};
			};
			buildConfigurationList = 8CAD4705293E179D00D50396 /* Build configuration list for PBXProject "Netflix" */;
			compatibilityVersion = "Xcode 14.0";
			developmentRegion = en;
			hasScannedForEncodings = 0;
			knownRegions = (
				en,
				Base,
			);
			mainGroup = 8CAD4701293E179D00D50396;
			packageReferences = (
				8C109A142959FA1300471807 /* XCRemoteSwiftPackageReference "SDWebImage" */,
			);
			productRefGroup = 8CAD470B293E179D00D50396 /* Products */;
			projectDirPath = "";
			projectRoot = "";
			targets = (
				8CAD4709293E179D00D50396 /* Netflix */,
				8CAD4722293E179F00D50396 /* NetflixTests */,
				8CAD472C293E179F00D50396 /* NetflixUITests */,
			);
		};
/* End PBXProject section */

/* Begin PBXResourcesBuildPhase section */
		8CAD4708293E179D00D50396 /* Resources */ = {
			isa = PBXResourcesBuildPhase;
			buildActionMask = 2147483647;
			files = (
				8CAD471D293E179F00D50396 /* LaunchScreen.storyboard in Resources */,
				8CAD474F293E1A9F00D50396 /* MainTabbar.storyboard in Resources */,
				8CAD471A293E179F00D50396 /* Assets.xcassets in Resources */,
				8CAD4715293E179D00D50396 /* Main.storyboard in Resources */,
			);
			runOnlyForDeploymentPostprocessing = 0;
		};
		8CAD4721293E179F00D50396 /* Resources */ = {
			isa = PBXResourcesBuildPhase;
			buildActionMask = 2147483647;
			files = (
			);
			runOnlyForDeploymentPostprocessing = 0;
		};
		8CAD472B293E179F00D50396 /* Resources */ = {
			isa = PBXResourcesBuildPhase;
			buildActionMask = 2147483647;
			files = (
			);
			runOnlyForDeploymentPostprocessing = 0;
		};
/* End PBXResourcesBuildPhase section */

/* Begin PBXSourcesBuildPhase section */
		8CAD4706293E179D00D50396 /* Sources */ = {
			isa = PBXSourcesBuildPhase;
			buildActionMask = 2147483647;
			files = (
				8CAD4751293E38DB00D50396 /* CollectionViewTableViewCell.swift in Sources */,
				8CD95E8E295C1A7F006C6D22 /* SearchResultsViewController.swift in Sources */,
				8CAD474B293E1A0A00D50396 /* UpcomingViewController.swift in Sources */,
				8CA452BC2940822D0029FA2A /* HeroHeaderView.swift in Sources */,
				8CAD4745293E182700D50396 /* HomeViewController.swift in Sources */,
				8CAD4749293E19F300D50396 /* SearchViewController.swift in Sources */,
				8CAD474D293E1A7C00D50396 /* MainTabBarViewController.swift in Sources */,
				8CD95E94295DAD81006C6D22 /* YoutubePreviewViewModel.swift in Sources */,
				8CAD4712293E179D00D50396 /* ViewController.swift in Sources */,
				8C109A132959F70D00471807 /* TitleCollectionViewCell.swift in Sources */,
				8C109A112959F39900471807 /* Title.swift in Sources */,
				8CD95E90295D9A7A006C6D22 /* YoutubeResponse.swift in Sources */,
				8C3BFFFA294706C9001C32F6 /* APICaller.swift in Sources */,
				8CDFE030295B5E9A0024D6FF /* TitleTableViewCell.swift in Sources */,
				8CAD4747293E19E400D50396 /* DownloadsViewController.swift in Sources */,
				8CAD470E293E179D00D50396 /* AppDelegate.swift in Sources */,
				8CDFE032295B633B0024D6FF /* TitleViewModel.swift in Sources */,
				8CAD4718293E179D00D50396 /* Netflix.xcdatamodeld in Sources */,
				8CEB1865295ED96F00F14ED6 /* HeroHeaderViewModel.swift in Sources */,
				8CAD4710293E179D00D50396 /* SceneDelegate.swift in Sources */,
				8CEB1867295F042500F14ED6 /* API_Key.swift in Sources */,
				8CD95E92295DA3DF006C6D22 /* AboutMovieViewController.swift in Sources */,
			);
			runOnlyForDeploymentPostprocessing = 0;
		};
		8CAD471F293E179F00D50396 /* Sources */ = {
			isa = PBXSourcesBuildPhase;
			buildActionMask = 2147483647;
			files = (
				8CAD4728293E179F00D50396 /* NetflixTests.swift in Sources */,
			);
			runOnlyForDeploymentPostprocessing = 0;
		};
		8CAD4729293E179F00D50396 /* Sources */ = {
			isa = PBXSourcesBuildPhase;
			buildActionMask = 2147483647;
			files = (
				8CAD4732293E179F00D50396 /* NetflixUITests.swift in Sources */,
				8CAD4734293E179F00D50396 /* NetflixUITestsLaunchTests.swift in Sources */,
			);
			runOnlyForDeploymentPostprocessing = 0;
		};
/* End PBXSourcesBuildPhase section */

/* Begin PBXTargetDependency section */
		8CAD4725293E179F00D50396 /* PBXTargetDependency */ = {
			isa = PBXTargetDependency;
			target = 8CAD4709293E179D00D50396 /* Netflix */;
			targetProxy = 8CAD4724293E179F00D50396 /* PBXContainerItemProxy */;
		};
		8CAD472F293E179F00D50396 /* PBXTargetDependency */ = {
			isa = PBXTargetDependency;
			target = 8CAD4709293E179D00D50396 /* Netflix */;
			targetProxy = 8CAD472E293E179F00D50396 /* PBXContainerItemProxy */;
		};
/* End PBXTargetDependency section */

/* Begin PBXVariantGroup section */
		8CAD4713293E179D00D50396 /* Main.storyboard */ = {
			isa = PBXVariantGroup;
			children = (
				8CAD4714293E179D00D50396 /* Base */,
			);
			name = Main.storyboard;
			sourceTree = "<group>";
		};
		8CAD471B293E179F00D50396 /* LaunchScreen.storyboard */ = {
			isa = PBXVariantGroup;
			children = (
				8CAD471C293E179F00D50396 /* Base */,
			);
			name = LaunchScreen.storyboard;
			sourceTree = "<group>";
		};
/* End PBXVariantGroup section */

/* Begin XCBuildConfiguration section */
		8CAD4735293E179F00D50396 /* Debug */ = {
			isa = XCBuildConfiguration;
			buildSettings = {
				ALWAYS_SEARCH_USER_PATHS = NO;
				CLANG_ANALYZER_NONNULL = YES;
				CLANG_ANALYZER_NUMBER_OBJECT_CONVERSION = YES_AGGRESSIVE;
				CLANG_CXX_LANGUAGE_STANDARD = "gnu++20";
				CLANG_ENABLE_MODULES = YES;
				CLANG_ENABLE_OBJC_ARC = YES;
				CLANG_ENABLE_OBJC_WEAK = YES;
				CLANG_WARN_BLOCK_CAPTURE_AUTORELEASING = YES;
				CLANG_WARN_BOOL_CONVERSION = YES;
				CLANG_WARN_COMMA = YES;
				CLANG_WARN_CONSTANT_CONVERSION = YES;
				CLANG_WARN_DEPRECATED_OBJC_IMPLEMENTATIONS = YES;
				CLANG_WARN_DIRECT_OBJC_ISA_USAGE = YES_ERROR;
				CLANG_WARN_DOCUMENTATION_COMMENTS = YES;
				CLANG_WARN_EMPTY_BODY = YES;
				CLANG_WARN_ENUM_CONVERSION = YES;
				CLANG_WARN_INFINITE_RECURSION = YES;
				CLANG_WARN_INT_CONVERSION = YES;
				CLANG_WARN_NON_LITERAL_NULL_CONVERSION = YES;
				CLANG_WARN_OBJC_IMPLICIT_RETAIN_SELF = YES;
				CLANG_WARN_OBJC_LITERAL_CONVERSION = YES;
				CLANG_WARN_OBJC_ROOT_CLASS = YES_ERROR;
				CLANG_WARN_QUOTED_INCLUDE_IN_FRAMEWORK_HEADER = YES;
				CLANG_WARN_RANGE_LOOP_ANALYSIS = YES;
				CLANG_WARN_STRICT_PROTOTYPES = YES;
				CLANG_WARN_SUSPICIOUS_MOVE = YES;
				CLANG_WARN_UNGUARDED_AVAILABILITY = YES_AGGRESSIVE;
				CLANG_WARN_UNREACHABLE_CODE = YES;
				CLANG_WARN__DUPLICATE_METHOD_MATCH = YES;
				COPY_PHASE_STRIP = NO;
				DEBUG_INFORMATION_FORMAT = dwarf;
				ENABLE_STRICT_OBJC_MSGSEND = YES;
				ENABLE_TESTABILITY = YES;
				GCC_C_LANGUAGE_STANDARD = gnu11;
				GCC_DYNAMIC_NO_PIC = NO;
				GCC_NO_COMMON_BLOCKS = YES;
				GCC_OPTIMIZATION_LEVEL = 0;
				GCC_PREPROCESSOR_DEFINITIONS = (
					"DEBUG=1",
					"$(inherited)",
				);
				GCC_WARN_64_TO_32_BIT_CONVERSION = YES;
				GCC_WARN_ABOUT_RETURN_TYPE = YES_ERROR;
				GCC_WARN_UNDECLARED_SELECTOR = YES;
				GCC_WARN_UNINITIALIZED_AUTOS = YES_AGGRESSIVE;
				GCC_WARN_UNUSED_FUNCTION = YES;
				GCC_WARN_UNUSED_VARIABLE = YES;
				IPHONEOS_DEPLOYMENT_TARGET = 16.1;
				MTL_ENABLE_DEBUG_INFO = INCLUDE_SOURCE;
				MTL_FAST_MATH = YES;
				ONLY_ACTIVE_ARCH = YES;
				SDKROOT = iphoneos;
				SWIFT_ACTIVE_COMPILATION_CONDITIONS = DEBUG;
				SWIFT_OPTIMIZATION_LEVEL = "-Onone";
			};
			name = Debug;
		};
		8CAD4736293E179F00D50396 /* Release */ = {
			isa = XCBuildConfiguration;
			buildSettings = {
				ALWAYS_SEARCH_USER_PATHS = NO;
				CLANG_ANALYZER_NONNULL = YES;
				CLANG_ANALYZER_NUMBER_OBJECT_CONVERSION = YES_AGGRESSIVE;
				CLANG_CXX_LANGUAGE_STANDARD = "gnu++20";
				CLANG_ENABLE_MODULES = YES;
				CLANG_ENABLE_OBJC_ARC = YES;
				CLANG_ENABLE_OBJC_WEAK = YES;
				CLANG_WARN_BLOCK_CAPTURE_AUTORELEASING = YES;
				CLANG_WARN_BOOL_CONVERSION = YES;
				CLANG_WARN_COMMA = YES;
				CLANG_WARN_CONSTANT_CONVERSION = YES;
				CLANG_WARN_DEPRECATED_OBJC_IMPLEMENTATIONS = YES;
				CLANG_WARN_DIRECT_OBJC_ISA_USAGE = YES_ERROR;
				CLANG_WARN_DOCUMENTATION_COMMENTS = YES;
				CLANG_WARN_EMPTY_BODY = YES;
				CLANG_WARN_ENUM_CONVERSION = YES;
				CLANG_WARN_INFINITE_RECURSION = YES;
				CLANG_WARN_INT_CONVERSION = YES;
				CLANG_WARN_NON_LITERAL_NULL_CONVERSION = YES;
				CLANG_WARN_OBJC_IMPLICIT_RETAIN_SELF = YES;
				CLANG_WARN_OBJC_LITERAL_CONVERSION = YES;
				CLANG_WARN_OBJC_ROOT_CLASS = YES_ERROR;
				CLANG_WARN_QUOTED_INCLUDE_IN_FRAMEWORK_HEADER = YES;
				CLANG_WARN_RANGE_LOOP_ANALYSIS = YES;
				CLANG_WARN_STRICT_PROTOTYPES = YES;
				CLANG_WARN_SUSPICIOUS_MOVE = YES;
				CLANG_WARN_UNGUARDED_AVAILABILITY = YES_AGGRESSIVE;
				CLANG_WARN_UNREACHABLE_CODE = YES;
				CLANG_WARN__DUPLICATE_METHOD_MATCH = YES;
				COPY_PHASE_STRIP = NO;
				DEBUG_INFORMATION_FORMAT = "dwarf-with-dsym";
				ENABLE_NS_ASSERTIONS = NO;
				ENABLE_STRICT_OBJC_MSGSEND = YES;
				GCC_C_LANGUAGE_STANDARD = gnu11;
				GCC_NO_COMMON_BLOCKS = YES;
				GCC_WARN_64_TO_32_BIT_CONVERSION = YES;
				GCC_WARN_ABOUT_RETURN_TYPE = YES_ERROR;
				GCC_WARN_UNDECLARED_SELECTOR = YES;
				GCC_WARN_UNINITIALIZED_AUTOS = YES_AGGRESSIVE;
				GCC_WARN_UNUSED_FUNCTION = YES;
				GCC_WARN_UNUSED_VARIABLE = YES;
				IPHONEOS_DEPLOYMENT_TARGET = 16.1;
				MTL_ENABLE_DEBUG_INFO = NO;
				MTL_FAST_MATH = YES;
				SDKROOT = iphoneos;
				SWIFT_COMPILATION_MODE = wholemodule;
				SWIFT_OPTIMIZATION_LEVEL = "-O";
				VALIDATE_PRODUCT = YES;
			};
			name = Release;
		};
		8CAD4738293E179F00D50396 /* Debug */ = {
			isa = XCBuildConfiguration;
			buildSettings = {
				ASSETCATALOG_COMPILER_APPICON_NAME = AppIcon;
				ASSETCATALOG_COMPILER_GLOBAL_ACCENT_COLOR_NAME = AccentColor;
				CODE_SIGN_STYLE = Automatic;
				CURRENT_PROJECT_VERSION = 1;
				GENERATE_INFOPLIST_FILE = YES;
				INFOPLIST_FILE = Netflix/Info.plist;
				INFOPLIST_KEY_UIApplicationSupportsIndirectInputEvents = YES;
				INFOPLIST_KEY_UILaunchStoryboardName = LaunchScreen;
				INFOPLIST_KEY_UIMainStoryboardFile = Main;
				INFOPLIST_KEY_UISupportedInterfaceOrientations_iPad = "UIInterfaceOrientationPortrait UIInterfaceOrientationPortraitUpsideDown UIInterfaceOrientationLandscapeLeft UIInterfaceOrientationLandscapeRight";
				INFOPLIST_KEY_UISupportedInterfaceOrientations_iPhone = "UIInterfaceOrientationPortrait UIInterfaceOrientationLandscapeLeft UIInterfaceOrientationLandscapeRight";
				LD_RUNPATH_SEARCH_PATHS = (
					"$(inherited)",
					"@executable_path/Frameworks",
				);
				MARKETING_VERSION = 1.0;
				PRODUCT_BUNDLE_IDENTIFIER = Hexaview.Netflix;
				PRODUCT_NAME = "$(TARGET_NAME)";
				SWIFT_EMIT_LOC_STRINGS = YES;
				SWIFT_VERSION = 5.0;
				TARGETED_DEVICE_FAMILY = "1,2";
			};
			name = Debug;
		};
		8CAD4739293E179F00D50396 /* Release */ = {
			isa = XCBuildConfiguration;
			buildSettings = {
				ASSETCATALOG_COMPILER_APPICON_NAME = AppIcon;
				ASSETCATALOG_COMPILER_GLOBAL_ACCENT_COLOR_NAME = AccentColor;
				CODE_SIGN_STYLE = Automatic;
				CURRENT_PROJECT_VERSION = 1;
				GENERATE_INFOPLIST_FILE = YES;
				INFOPLIST_FILE = Netflix/Info.plist;
				INFOPLIST_KEY_UIApplicationSupportsIndirectInputEvents = YES;
				INFOPLIST_KEY_UILaunchStoryboardName = LaunchScreen;
				INFOPLIST_KEY_UIMainStoryboardFile = Main;
				INFOPLIST_KEY_UISupportedInterfaceOrientations_iPad = "UIInterfaceOrientationPortrait UIInterfaceOrientationPortraitUpsideDown UIInterfaceOrientationLandscapeLeft UIInterfaceOrientationLandscapeRight";
				INFOPLIST_KEY_UISupportedInterfaceOrientations_iPhone = "UIInterfaceOrientationPortrait UIInterfaceOrientationLandscapeLeft UIInterfaceOrientationLandscapeRight";
				LD_RUNPATH_SEARCH_PATHS = (
					"$(inherited)",
					"@executable_path/Frameworks",
				);
				MARKETING_VERSION = 1.0;
				PRODUCT_BUNDLE_IDENTIFIER = Hexaview.Netflix;
				PRODUCT_NAME = "$(TARGET_NAME)";
				SWIFT_EMIT_LOC_STRINGS = YES;
				SWIFT_VERSION = 5.0;
				TARGETED_DEVICE_FAMILY = "1,2";
			};
			name = Release;
		};
		8CAD473B293E179F00D50396 /* Debug */ = {
			isa = XCBuildConfiguration;
			buildSettings = {
				ALWAYS_EMBED_SWIFT_STANDARD_LIBRARIES = YES;
				BUNDLE_LOADER = "$(TEST_HOST)";
				CODE_SIGN_STYLE = Automatic;
				CURRENT_PROJECT_VERSION = 1;
				GENERATE_INFOPLIST_FILE = YES;
				IPHONEOS_DEPLOYMENT_TARGET = 16.1;
				MARKETING_VERSION = 1.0;
				PRODUCT_BUNDLE_IDENTIFIER = Hexaview.NetflixTests;
				PRODUCT_NAME = "$(TARGET_NAME)";
				SWIFT_EMIT_LOC_STRINGS = NO;
				SWIFT_VERSION = 5.0;
				TARGETED_DEVICE_FAMILY = "1,2";
				TEST_HOST = "$(BUILT_PRODUCTS_DIR)/Netflix.app/$(BUNDLE_EXECUTABLE_FOLDER_PATH)/Netflix";
			};
			name = Debug;
		};
		8CAD473C293E179F00D50396 /* Release */ = {
			isa = XCBuildConfiguration;
			buildSettings = {
				ALWAYS_EMBED_SWIFT_STANDARD_LIBRARIES = YES;
				BUNDLE_LOADER = "$(TEST_HOST)";
				CODE_SIGN_STYLE = Automatic;
				CURRENT_PROJECT_VERSION = 1;
				GENERATE_INFOPLIST_FILE = YES;
				IPHONEOS_DEPLOYMENT_TARGET = 16.1;
				MARKETING_VERSION = 1.0;
				PRODUCT_BUNDLE_IDENTIFIER = Hexaview.NetflixTests;
				PRODUCT_NAME = "$(TARGET_NAME)";
				SWIFT_EMIT_LOC_STRINGS = NO;
				SWIFT_VERSION = 5.0;
				TARGETED_DEVICE_FAMILY = "1,2";
				TEST_HOST = "$(BUILT_PRODUCTS_DIR)/Netflix.app/$(BUNDLE_EXECUTABLE_FOLDER_PATH)/Netflix";
			};
			name = Release;
		};
		8CAD473E293E179F00D50396 /* Debug */ = {
			isa = XCBuildConfiguration;
			buildSettings = {
				ALWAYS_EMBED_SWIFT_STANDARD_LIBRARIES = YES;
				CODE_SIGN_STYLE = Automatic;
				CURRENT_PROJECT_VERSION = 1;
				GENERATE_INFOPLIST_FILE = YES;
				MARKETING_VERSION = 1.0;
				PRODUCT_BUNDLE_IDENTIFIER = Hexaview.NetflixUITests;
				PRODUCT_NAME = "$(TARGET_NAME)";
				SWIFT_EMIT_LOC_STRINGS = NO;
				SWIFT_VERSION = 5.0;
				TARGETED_DEVICE_FAMILY = "1,2";
				TEST_TARGET_NAME = Netflix;
			};
			name = Debug;
		};
		8CAD473F293E179F00D50396 /* Release */ = {
			isa = XCBuildConfiguration;
			buildSettings = {
				ALWAYS_EMBED_SWIFT_STANDARD_LIBRARIES = YES;
				CODE_SIGN_STYLE = Automatic;
				CURRENT_PROJECT_VERSION = 1;
				GENERATE_INFOPLIST_FILE = YES;
				MARKETING_VERSION = 1.0;
				PRODUCT_BUNDLE_IDENTIFIER = Hexaview.NetflixUITests;
				PRODUCT_NAME = "$(TARGET_NAME)";
				SWIFT_EMIT_LOC_STRINGS = NO;
				SWIFT_VERSION = 5.0;
				TARGETED_DEVICE_FAMILY = "1,2";
				TEST_TARGET_NAME = Netflix;
			};
			name = Release;
		};
/* End XCBuildConfiguration section */

/* Begin XCConfigurationList section */
		8CAD4705293E179D00D50396 /* Build configuration list for PBXProject "Netflix" */ = {
			isa = XCConfigurationList;
			buildConfigurations = (
				8CAD4735293E179F00D50396 /* Debug */,
				8CAD4736293E179F00D50396 /* Release */,
			);
			defaultConfigurationIsVisible = 0;
			defaultConfigurationName = Release;
		};
		8CAD4737293E179F00D50396 /* Build configuration list for PBXNativeTarget "Netflix" */ = {
			isa = XCConfigurationList;
			buildConfigurations = (
				8CAD4738293E179F00D50396 /* Debug */,
				8CAD4739293E179F00D50396 /* Release */,
			);
			defaultConfigurationIsVisible = 0;
			defaultConfigurationName = Release;
		};
		8CAD473A293E179F00D50396 /* Build configuration list for PBXNativeTarget "NetflixTests" */ = {
			isa = XCConfigurationList;
			buildConfigurations = (
				8CAD473B293E179F00D50396 /* Debug */,
				8CAD473C293E179F00D50396 /* Release */,
			);
			defaultConfigurationIsVisible = 0;
			defaultConfigurationName = Release;
		};
		8CAD473D293E179F00D50396 /* Build configuration list for PBXNativeTarget "NetflixUITests" */ = {
			isa = XCConfigurationList;
			buildConfigurations = (
				8CAD473E293E179F00D50396 /* Debug */,
				8CAD473F293E179F00D50396 /* Release */,
			);
			defaultConfigurationIsVisible = 0;
			defaultConfigurationName = Release;
		};
/* End XCConfigurationList section */

/* Begin XCRemoteSwiftPackageReference section */
		8C109A142959FA1300471807 /* XCRemoteSwiftPackageReference "SDWebImage" */ = {
			isa = XCRemoteSwiftPackageReference;
			repositoryURL = "https://github.com/SDWebImage/SDWebImage";
			requirement = {
				kind = upToNextMajorVersion;
				minimumVersion = 5.0.0;
			};
		};
/* End XCRemoteSwiftPackageReference section */

/* Begin XCSwiftPackageProductDependency section */
		8C109A152959FA1300471807 /* SDWebImage */ = {
			isa = XCSwiftPackageProductDependency;
			package = 8C109A142959FA1300471807 /* XCRemoteSwiftPackageReference "SDWebImage" */;
			productName = SDWebImage;
		};
		8C109A172959FA1300471807 /* SDWebImageMapKit */ = {
			isa = XCSwiftPackageProductDependency;
			package = 8C109A142959FA1300471807 /* XCRemoteSwiftPackageReference "SDWebImage" */;
			productName = SDWebImageMapKit;
		};
/* End XCSwiftPackageProductDependency section */

/* Begin XCVersionGroup section */
		8CAD4716293E179D00D50396 /* Netflix.xcdatamodeld */ = {
			isa = XCVersionGroup;
			children = (
				8CAD4717293E179D00D50396 /* Netflix.xcdatamodel */,
			);
			currentVersion = 8CAD4717293E179D00D50396 /* Netflix.xcdatamodel */;
			path = Netflix.xcdatamodeld;
			sourceTree = "<group>";
			versionGroupType = wrapper.xcdatamodel;
		};
/* End XCVersionGroup section */
	};
	rootObject = 8CAD4702293E179D00D50396 /* Project object */;
}
